{
  "name": "pi-agent-setup",
  "version": "0.1.0",
  "lockfileVersion": 3,
  "requires": true,
  "packages": {
    "": {
      "name": "pi-agent-setup",
      "version": "0.1.0",
      "dependencies": {
        "@aliou/pi-processes": "^0.8.1",
        "pi-subagents": "^0.24.0"
      },
      "peerDependencies": {
        "@mariozechner/pi-agent-core": "*",
        "@mariozechner/pi-ai": "*",
        "@mariozechner/pi-coding-agent": "*",
        "@mariozechner/pi-tui": "*",
        "typebox": "*"
      },
      "peerDependenciesMeta": {
        "@mariozechner/pi-agent-core": {
          "optional": true
        },
        "@mariozechner/pi-ai": {
          "optional": true
        },
        "@mariozechner/pi-coding-agent": {
          "optional": true
        },
        "@mariozechner/pi-tui": {
          "optional": true
        },
        "typebox": {
          "optional": true
        }
      }
    },
    "node_modules/@aliou/pi-processes": {
      "version": "0.8.1",
      "resolved": "https://registry.npmjs.org/@aliou/pi-processes/-/pi-processes-0.8.1.tgz",
      "integrity": "sha512-1vUGNmIwoF0qRND9/cmqVR+rqiSRcgrUIPnj9jqOuhkEE/5Wg62Yb9eJY5n8jEVOf/E/9DIYjxzI8CYrebRg8g==",
      "license": "MIT",
      "dependencies": {
        "@aliou/pi-utils-settings": "^0.10.0",
        "@aliou/pi-utils-ui": "^0.1.0",
        "@aliou/sh": "^0.1.0",
        "typebox": "^1.0.0"
      },
      "peerDependencies": {
        "@mariozechner/pi-coding-agent": "0.69.0",
        "@mariozechner/pi-tui": "0.69.0"
      },
      "peerDependenciesMeta": {
        "@mariozechner/pi-coding-agent": {
          "optional": true
        },
        "@mariozechner/pi-tui": {
          "optional": true
        }
      }
    },
    "node_modules/@aliou/pi-utils-settings": {
      "version": "0.10.3",
      "resolved": "https://registry.npmjs.org/@aliou/pi-utils-settings/-/pi-utils-settings-0.10.3.tgz",
      "integrity": "sha512-li9yxAeTn+G3mDlpPOwhj8R1Wqc4zUXxgzA6a2aUjaBrANXUsJnkyJonl5ngGDocyMY0oiBXSg+GCd2sekOVMA==",
      "license": "MIT",
      "peerDependencies": {
        "@mariozechner/pi-coding-agent": ">=0.61.0 <1"
      },
      "peerDependenciesMeta": {
        "@mariozechner/pi-coding-agent": {
          "optional": true
        }
      }
    },
    "node_modules/@aliou/pi-utils-ui": {
      "version": "0.1.5",
      "resolved": "https://registry.npmjs.org/@aliou/pi-utils-ui/-/pi-utils-ui-0.1.5.tgz",
      "integrity": "sha512-YQwv22pzjhdPmFRA1s0dQcX8UqXh2igO0NRRyRbgVhXA65MFCPVKvo5+Zh17XJH73s9Gpijn/ibCwkD5g3QMUA==",
      "license": "MIT",
      "peerDependencies": {
        "@mariozechner/pi-coding-agent": ">=0.61.0 <1",
        "@mariozechner/pi-tui": ">=0.61.0 <1"
      },
      "peerDependenciesMeta": {
        "@mariozechner/pi-coding-agent": {
          "optional": true
        },
        "@mariozechner/pi-tui": {
          "optional": true
        }
      }
    },
    "node_modules/@aliou/sh": {
      "version": "0.1.0",
      "resolved": "https://registry.npmjs.org/@aliou/sh/-/sh-0.1.0.tgz",
      "integrity": "sha512-MtVSUqNAHK8a0yQdwv4ADlTIBnEg8bpFXcqp0PaxwqxhSWAxcIrpAIPbsc3CJnUK3R++BcgaxBZ5saicHtU+8Q==",
      "license": "UNLICENSED",
      "engines": {
        "node": ">=22"
      }
    },
    "node_modules/pi-subagents": {
      "version": "0.24.0",
      "resolved": "https://registry.npmjs.org/pi-subagents/-/pi-subagents-0.24.0.tgz",
      "integrity": "sha512-qg8Kx7zW9+P7a7o3X4J3poerYnIP125oloKOeScxJlrMIKwUCORBFGZixzdmQEo83SOcoPt3UFjyYeDsHmouIw==",
      "license": "MIT",
      "dependencies": {
        "typebox": "^1.1.24"
      },
      "bin": {
        "pi-subagents": "install.mjs"
      },
      "peerDependencies": {
        "@mariozechner/pi-agent-core": "*",
        "@mariozechner/pi-ai": "*",
        "@mariozechner/pi-coding-agent": "*",
        "@mariozechner/pi-tui": "*"
      },
      "peerDependenciesMeta": {
        "@mariozechner/pi-agent-core": {
          "optional": true
        },
        "@mariozechner/pi-ai": {
          "optional": true
        },
        "@mariozechner/pi-coding-agent": {
          "optional": true
        },
        "@mariozechner/pi-tui": {
          "optional": true
        }
      }
    },
    "node_modules/typebox": {
      "version": "1.1.37",
      "resolved": "https://registry.npmjs.org/typebox/-/typebox-1.1.37.tgz",
      "integrity": "sha512-jb7jp6KvOvvy5sd+11AfJ0/e0F0AS9RcOXd55oGi2ZnRHIGmFvrTaNF+ZidRmGBmmNTkM5KKl0Z37KzxJ+owEQ==",
      "license": "MIT"
    }
  }
}
