{
  "name": "pi-agent-setup",
  "version": "0.1.0",
  "lockfileVersion": 3,
  "requires": true,
  "packages": {
    "": {
      "name": "pi-agent-setup",
      "version": "0.1.0",
      "peerDependencies": {
        "@mariozechner/pi-agent-core": "*",
        "@mariozechner/pi-ai": "*",
        "@mariozechner/pi-coding-agent": "*",
        "@mariozechner/pi-tui": "*",
        "typebox": "*"
      },
      "peerDependenciesMeta": {
        "@mariozechner/pi-agent-core": {
          "optional": true
        },
        "@mariozechner/pi-ai": {
          "optional": true
        },
        "@mariozechner/pi-coding-agent": {
          "optional": true
        },
        "@mariozechner/pi-tui": {
          "optional": true
        },
        "typebox": {
          "optional": true
        }
      }
    },
    "node_modules/typebox": {
      "version": "1.1.37",
      "resolved": "https://registry.npmjs.org/typebox/-/typebox-1.1.37.tgz",
      "integrity": "sha512-jb7jp6KvOvvy5sd+11AfJ0/e0F0AS9RcOXd55oGi2ZnRHIGmFvrTaNF+ZidRmGBmmNTkM5KKl0Z37KzxJ+owEQ==",
      "license": "MIT",
      "optional": true,
      "peer": true
    }
  }
}
